
Microsoft Visual Studio Solution File, Format Version 10.00
# Visual Studio 2008
Project("{8BC9CEB8-8B4A-11D0-8D11-00A0C91BC942}") = "Main", "Main\Main.vcproj", "{B58B0DAF-415E-4DED-9D86-4F6F1E0AC861}"
	ProjectSection(ProjectDependencies) = postProject
		{06C2CDCA-A19F-4CDC-A15D-DED8E90AF43D} = {06C2CDCA-A19F-4CDC-A15D-DED8E90AF43D}
	EndProjectSection
EndProject
Project("{8BC9CEB8-8B4A-11D0-8D11-00A0C91BC942}") = "Logic", "Logic\Logic.vcproj", "{06C2CDCA-A19F-4CDC-A15D-DED8E90AF43D}"
EndProject
Project("{8BC9CEB8-8B4A-11D0-8D11-00A0C91BC942}") = "TestCases", "TestCases\TestCases.vcproj", "{DE298212-2E21-4445-A3BD-918BDA5DC8AA}"
EndProject
Project("{8BC9CEB8-8B4A-11D0-8D11-00A0C91BC942}") = "LogicTest", "LogicTest\LogicTest.vcproj", "{06BFF38A-35BF-4ACF-B987-912E524E3EC1}"
EndProject
Project("{8BC9CEB8-8B4A-11D0-8D11-00A0C91BC942}") = "AI", "AI\AI.vcproj", "{E4599D41-48CF-411F-AB0A-478F47F7F5BC}"
EndProject
Project("{8BC9CEB8-8B4A-11D0-8D11-00A0C91BC942}") = "Network", "Network\Network.vcproj", "{0D56B9B5-B145-47EB-906A-793AD6A99BC4}"
EndProject
Project("{8BC9CEB8-8B4A-11D0-8D11-00A0C91BC942}") = "Sound", "Sound\Sound.vcproj", "{26B74AD0-7717-4609-B09A-0C4F8D6CC906}"
EndProject
Project("{8BC9CEB8-8B4A-11D0-8D11-00A0C91BC942}") = "Editor", "Editor\Editor.vcproj", "{C639BDC6-2305-467A-A64D-D2FF4E5BAEEC}"
EndProject
Project("{8BC9CEB8-8B4A-11D0-8D11-00A0C91BC942}") = "GFXTestPSSM", "GFXTestPSSM\GFXTestPSSM.vcproj", "{993DC4A9-9DA5-46FC-AFD7-6F841FB00268}"
EndProject
Project("{8BC9CEB8-8B4A-11D0-8D11-00A0C91BC942}") = "SoundTest", "SoundTest\SoundTest.vcproj", "{4201DC5B-87CB-4F73-801F-1D5309955DD9}"
EndProject
Project("{8BC9CEB8-8B4A-11D0-8D11-00A0C91BC942}") = "GFXTestTextureHandler", "GFXTestTextureHandler\GFXTestTextureHandler.vcproj", "{FCFF1F87-D3C9-4F1D-96BD-87729CD2064B}"
EndProject
Project("{8BC9CEB8-8B4A-11D0-8D11-00A0C91BC942}") = "Utilities", "Utilities\Utilities.vcproj", "{782411F7-F08E-4C23-B1F8-EFECBE7E6915}"
EndProject
Project("{8BC9CEB8-8B4A-11D0-8D11-00A0C91BC942}") = "GFX", "GFX\GFX2.vcproj", "{2086E386-8DA1-4E54-B92B-C460D06DC410}"
EndProject
Project("{8BC9CEB8-8B4A-11D0-8D11-00A0C91BC942}") = "P2PTest", "P2PTest\P2PTest.vcproj", "{E1C64A1D-66A3-4B74-B06B-D68EBE9F02D5}"
EndProject
Project("{8BC9CEB8-8B4A-11D0-8D11-00A0C91BC942}") = "ServerLookupTest", "ServerLookupTest\ServerLookupTest.vcproj", "{30B36C7C-4FA7-41BA-8942-DF8E1BD58609}"
EndProject
Global
	GlobalSection(SolutionConfigurationPlatforms) = preSolution
		Debug|Win32 = Debug|Win32
		Release|Win32 = Release|Win32
	EndGlobalSection
	GlobalSection(ProjectConfigurationPlatforms) = postSolution
		{B58B0DAF-415E-4DED-9D86-4F6F1E0AC861}.Debug|Win32.ActiveCfg = Debug|Win32
		{B58B0DAF-415E-4DED-9D86-4F6F1E0AC861}.Debug|Win32.Build.0 = Debug|Win32
		{B58B0DAF-415E-4DED-9D86-4F6F1E0AC861}.Release|Win32.ActiveCfg = Release|Win32
		{B58B0DAF-415E-4DED-9D86-4F6F1E0AC861}.Release|Win32.Build.0 = Release|Win32
		{06C2CDCA-A19F-4CDC-A15D-DED8E90AF43D}.Debug|Win32.ActiveCfg = Debug|Win32
		{06C2CDCA-A19F-4CDC-A15D-DED8E90AF43D}.Debug|Win32.Build.0 = Debug|Win32
		{06C2CDCA-A19F-4CDC-A15D-DED8E90AF43D}.Release|Win32.ActiveCfg = Release|Win32
		{06C2CDCA-A19F-4CDC-A15D-DED8E90AF43D}.Release|Win32.Build.0 = Release|Win32
		{DE298212-2E21-4445-A3BD-918BDA5DC8AA}.Debug|Win32.ActiveCfg = Debug|Win32
		{DE298212-2E21-4445-A3BD-918BDA5DC8AA}.Debug|Win32.Build.0 = Debug|Win32
		{DE298212-2E21-4445-A3BD-918BDA5DC8AA}.Release|Win32.ActiveCfg = Release|Win32
		{DE298212-2E21-4445-A3BD-918BDA5DC8AA}.Release|Win32.Build.0 = Release|Win32
		{06BFF38A-35BF-4ACF-B987-912E524E3EC1}.Debug|Win32.ActiveCfg = Debug|Win32
		{06BFF38A-35BF-4ACF-B987-912E524E3EC1}.Debug|Win32.Build.0 = Debug|Win32
		{06BFF38A-35BF-4ACF-B987-912E524E3EC1}.Release|Win32.ActiveCfg = Release|Win32
		{06BFF38A-35BF-4ACF-B987-912E524E3EC1}.Release|Win32.Build.0 = Release|Win32
		{E4599D41-48CF-411F-AB0A-478F47F7F5BC}.Debug|Win32.ActiveCfg = Debug|Win32
		{E4599D41-48CF-411F-AB0A-478F47F7F5BC}.Debug|Win32.Build.0 = Debug|Win32
		{E4599D41-48CF-411F-AB0A-478F47F7F5BC}.Release|Win32.ActiveCfg = Release|Win32
		{E4599D41-48CF-411F-AB0A-478F47F7F5BC}.Release|Win32.Build.0 = Release|Win32
		{0D56B9B5-B145-47EB-906A-793AD6A99BC4}.Debug|Win32.ActiveCfg = Debug|Win32
		{0D56B9B5-B145-47EB-906A-793AD6A99BC4}.Debug|Win32.Build.0 = Debug|Win32
		{0D56B9B5-B145-47EB-906A-793AD6A99BC4}.Release|Win32.ActiveCfg = Release|Win32
		{0D56B9B5-B145-47EB-906A-793AD6A99BC4}.Release|Win32.Build.0 = Release|Win32
		{26B74AD0-7717-4609-B09A-0C4F8D6CC906}.Debug|Win32.ActiveCfg = Debug|Win32
		{26B74AD0-7717-4609-B09A-0C4F8D6CC906}.Debug|Win32.Build.0 = Debug|Win32
		{26B74AD0-7717-4609-B09A-0C4F8D6CC906}.Release|Win32.ActiveCfg = Release|Win32
		{26B74AD0-7717-4609-B09A-0C4F8D6CC906}.Release|Win32.Build.0 = Release|Win32
		{C639BDC6-2305-467A-A64D-D2FF4E5BAEEC}.Debug|Win32.ActiveCfg = Debug|Win32
		{C639BDC6-2305-467A-A64D-D2FF4E5BAEEC}.Debug|Win32.Build.0 = Debug|Win32
		{C639BDC6-2305-467A-A64D-D2FF4E5BAEEC}.Release|Win32.ActiveCfg = Release|Win32
		{C639BDC6-2305-467A-A64D-D2FF4E5BAEEC}.Release|Win32.Build.0 = Release|Win32
		{993DC4A9-9DA5-46FC-AFD7-6F841FB00268}.Debug|Win32.ActiveCfg = Debug|Win32
		{993DC4A9-9DA5-46FC-AFD7-6F841FB00268}.Debug|Win32.Build.0 = Debug|Win32
		{993DC4A9-9DA5-46FC-AFD7-6F841FB00268}.Release|Win32.ActiveCfg = Release|Win32
		{993DC4A9-9DA5-46FC-AFD7-6F841FB00268}.Release|Win32.Build.0 = Release|Win32
		{4201DC5B-87CB-4F73-801F-1D5309955DD9}.Debug|Win32.ActiveCfg = Debug|Win32
		{4201DC5B-87CB-4F73-801F-1D5309955DD9}.Debug|Win32.Build.0 = Debug|Win32
		{4201DC5B-87CB-4F73-801F-1D5309955DD9}.Release|Win32.ActiveCfg = Release|Win32
		{4201DC5B-87CB-4F73-801F-1D5309955DD9}.Release|Win32.Build.0 = Release|Win32
		{FCFF1F87-D3C9-4F1D-96BD-87729CD2064B}.Debug|Win32.ActiveCfg = Debug|Win32
		{FCFF1F87-D3C9-4F1D-96BD-87729CD2064B}.Debug|Win32.Build.0 = Debug|Win32
		{FCFF1F87-D3C9-4F1D-96BD-87729CD2064B}.Release|Win32.ActiveCfg = Release|Win32
		{FCFF1F87-D3C9-4F1D-96BD-87729CD2064B}.Release|Win32.Build.0 = Release|Win32
		{782411F7-F08E-4C23-B1F8-EFECBE7E6915}.Debug|Win32.ActiveCfg = Debug|Win32
		{782411F7-F08E-4C23-B1F8-EFECBE7E6915}.Debug|Win32.Build.0 = Debug|Win32
		{782411F7-F08E-4C23-B1F8-EFECBE7E6915}.Release|Win32.ActiveCfg = Release|Win32
		{782411F7-F08E-4C23-B1F8-EFECBE7E6915}.Release|Win32.Build.0 = Release|Win32
		{2086E386-8DA1-4E54-B92B-C460D06DC410}.Debug|Win32.ActiveCfg = Debug|Win32
		{2086E386-8DA1-4E54-B92B-C460D06DC410}.Debug|Win32.Build.0 = Debug|Win32
		{2086E386-8DA1-4E54-B92B-C460D06DC410}.Release|Win32.ActiveCfg = Release|Win32
		{2086E386-8DA1-4E54-B92B-C460D06DC410}.Release|Win32.Build.0 = Release|Win32
		{E1C64A1D-66A3-4B74-B06B-D68EBE9F02D5}.Debug|Win32.ActiveCfg = Debug|Win32
		{E1C64A1D-66A3-4B74-B06B-D68EBE9F02D5}.Debug|Win32.Build.0 = Debug|Win32
		{E1C64A1D-66A3-4B74-B06B-D68EBE9F02D5}.Release|Win32.ActiveCfg = Release|Win32
		{E1C64A1D-66A3-4B74-B06B-D68EBE9F02D5}.Release|Win32.Build.0 = Release|Win32
		{30B36C7C-4FA7-41BA-8942-DF8E1BD58609}.Debug|Win32.ActiveCfg = Debug|Win32
		{30B36C7C-4FA7-41BA-8942-DF8E1BD58609}.Debug|Win32.Build.0 = Debug|Win32
		{30B36C7C-4FA7-41BA-8942-DF8E1BD58609}.Release|Win32.ActiveCfg = Release|Win32
		{30B36C7C-4FA7-41BA-8942-DF8E1BD58609}.Release|Win32.Build.0 = Release|Win32
	EndGlobalSection
	GlobalSection(SolutionProperties) = preSolution
		HideSolutionNode = FALSE
	EndGlobalSection
EndGlobal
