<?xml version="1.0" encoding="utf-8"?>
<Project ToolsVersion="4.0" xmlns="http://schemas.microsoft.com/developer/msbuild/2003">
  <ItemGroup>
    <Filter Include="Source Files">
      <UniqueIdentifier>{4FC737F1-C7A5-4376-A066-2A32D752A2FF}</UniqueIdentifier>
      <Extensions>cpp;c;cc;cxx;def;odl;idl;hpj;bat;asm;asmx</Extensions>
    </Filter>
    <Filter Include="Header Files">
      <UniqueIdentifier>{93995380-89BD-4b04-88EB-625FBE52EBFB}</UniqueIdentifier>
      <Extensions>h;hpp;hxx;hm;inl;inc;xsd</Extensions>
    </Filter>
    <Filter Include="Resource Files">
      <UniqueIdentifier>{67DA6AB6-F800-4c08-8B7A-83BB121AAD01}</UniqueIdentifier>
      <Extensions>rc;ico;cur;bmp;dlg;rc2;rct;bin;rgs;gif;jpg;jpeg;jpe;resx;tiff;tif;png;wav</Extensions>
    </Filter>
    <Filter Include="EventHandling">
      <UniqueIdentifier>{c71dca8c-338c-43aa-89c3-ce71329e6f71}</UniqueIdentifier>
    </Filter>
    <Filter Include="EventHandling\Source Files">
      <UniqueIdentifier>{f1184c01-6c12-4e98-b8d9-9ac9dddd2804}</UniqueIdentifier>
    </Filter>
    <Filter Include="EventHandling\Header Files">
      <UniqueIdentifier>{b8045013-9a71-467a-adfe-bd2f6e42d04c}</UniqueIdentifier>
    </Filter>
  </ItemGroup>
  <ItemGroup>
    <ClCompile Include="ConnectionManager.cpp">
      <Filter>Source Files</Filter>
    </ClCompile>
    <ClCompile Include="Connector.cpp">
      <Filter>Source Files</Filter>
    </ClCompile>
    <ClCompile Include="IdManager.cpp">
      <Filter>Source Files</Filter>
    </ClCompile>
    <ClCompile Include="MsgH_GameClient.cpp">
      <Filter>Source Files</Filter>
    </ClCompile>
    <ClCompile Include="MsgH_GameServer.cpp">
      <Filter>Source Files</Filter>
    </ClCompile>
    <ClCompile Include="MsgH_PlayerID.cpp">
      <Filter>Source Files</Filter>
    </ClCompile>
    <ClCompile Include="MsgH_TextMessage.cpp">
      <Filter>Source Files</Filter>
    </ClCompile>
    <ClCompile Include="Network.cpp">
      <Filter>Source Files</Filter>
    </ClCompile>
    <ClCompile Include="NetworkUtils.cpp">
      <Filter>Source Files</Filter>
    </ClCompile>
    <ClCompile Include="Peer.cpp">
      <Filter>Source Files</Filter>
    </ClCompile>
    <ClCompile Include="ServerLookup.cpp">
      <Filter>Source Files</Filter>
    </ClCompile>
    <ClCompile Include="EventForwarder.cpp">
      <Filter>EventHandling\Source Files</Filter>
    </ClCompile>
    <ClCompile Include="EventMsgHandler.cpp">
      <Filter>EventHandling\Source Files</Filter>
    </ClCompile>
  </ItemGroup>
  <ItemGroup>
    <ClInclude Include="ConnectionManager.h">
      <Filter>Header Files</Filter>
    </ClInclude>
    <ClInclude Include="Connector.h">
      <Filter>Header Files</Filter>
    </ClInclude>
    <ClInclude Include="IdManager.h">
      <Filter>Header Files</Filter>
    </ClInclude>
    <ClInclude Include="MessageHandler.h">
      <Filter>Header Files</Filter>
    </ClInclude>
    <ClInclude Include="MsgH_GameClient.h">
      <Filter>Header Files</Filter>
    </ClInclude>
    <ClInclude Include="MsgH_GameServer.h">
      <Filter>Header Files</Filter>
    </ClInclude>
    <ClInclude Include="MsgH_PlayerID.h">
      <Filter>Header Files</Filter>
    </ClInclude>
    <ClInclude Include="MsgH_TextMessage.h">
      <Filter>Header Files</Filter>
    </ClInclude>
    <ClInclude Include="Network.h">
      <Filter>Header Files</Filter>
    </ClInclude>
    <ClInclude Include="NetworkUtils.h">
      <Filter>Header Files</Filter>
    </ClInclude>
    <ClInclude Include="Peer.h">
      <Filter>Header Files</Filter>
    </ClInclude>
    <ClInclude Include="Protocol.h">
      <Filter>Header Files</Filter>
    </ClInclude>
    <ClInclude Include="ServerLookup.h">
      <Filter>Header Files</Filter>
    </ClInclude>
    <ClInclude Include="EventForwarder.h">
      <Filter>EventHandling\Header Files</Filter>
    </ClInclude>
    <ClInclude Include="EventMsgHandler.h">
      <Filter>EventHandling\Header Files</Filter>
    </ClInclude>
  </ItemGroup>
</Project>